
Microsoft Visual Studio Solution File, Format Version 12.00
# Visual Studio Version 17
VisualStudioVersion = 17.0.32014.148
MinimumVisualStudioVersion = 10.0.40219.1
Project("{FAE04EC0-301F-11D3-BF4B-00C04F79EFBC}") = "Module3_HW1", "Module3_HW1\Module3_HW1.csproj", "{68E3E622-C2B9-4562-ABD9-B1FDE50EA697}"
EndProject
Global
	GlobalSection(SolutionConfigurationPlatforms) = preSolution
		Debug|Any CPU = Debug|Any CPU
		Release|Any CPU = Release|Any CPU
	EndGlobalSection
	GlobalSection(ProjectConfigurationPlatforms) = postSolution
		{68E3E622-C2B9-4562-ABD9-B1FDE50EA697}.Debug|Any CPU.ActiveCfg = Debug|Any CPU
		{68E3E622-C2B9-4562-ABD9-B1FDE50EA697}.Debug|Any CPU.Build.0 = Debug|Any CPU
		{68E3E622-C2B9-4562-ABD9-B1FDE50EA697}.Release|Any CPU.ActiveCfg = Release|Any CPU
		{68E3E622-C2B9-4562-ABD9-B1FDE50EA697}.Release|Any CPU.Build.0 = Release|Any CPU
	EndGlobalSection
	GlobalSection(SolutionProperties) = preSolution
		HideSolutionNode = FALSE
	EndGlobalSection
	GlobalSection(ExtensibilityGlobals) = postSolution
		SolutionGuid = {0C330D3E-601C-435B-8C89-EF7ADD65D953}
	EndGlobalSection
EndGlobal
